
Microsoft Visual Studio Solution File, Format Version 12.00
# Visual Studio Version 17
VisualStudioVersion = 17.4.33110.190
MinimumVisualStudioVersion = 10.0.40219.1
Project("{FAE04EC0-301F-11D3-BF4B-00C04F79EFBC}") = "Day11", "Day11.csproj", "{8478ED16-667E-4E03-AC6E-FF7B118F1B51}"
EndProject
Global
	GlobalSection(SolutionConfigurationPlatforms) = preSolution
		Debug|Any CPU = Debug|Any CPU
		Release|Any CPU = Release|Any CPU
	EndGlobalSection
	GlobalSection(ProjectConfigurationPlatforms) = postSolution
		{8478ED16-667E-4E03-AC6E-FF7B118F1B51}.Debug|Any CPU.ActiveCfg = Debug|Any CPU
		{8478ED16-667E-4E03-AC6E-FF7B118F1B51}.Debug|Any CPU.Build.0 = Debug|Any CPU
		{8478ED16-667E-4E03-AC6E-FF7B118F1B51}.Release|Any CPU.ActiveCfg = Release|Any CPU
		{8478ED16-667E-4E03-AC6E-FF7B118F1B51}.Release|Any CPU.Build.0 = Release|Any CPU
	EndGlobalSection
	GlobalSection(SolutionProperties) = preSolution
		HideSolutionNode = FALSE
	EndGlobalSection
	GlobalSection(ExtensibilityGlobals) = postSolution
		SolutionGuid = {760487DB-294B-4EBF-A08B-33A304AFEFC2}
	EndGlobalSection
EndGlobal
