
Microsoft Visual Studio Solution File, Format Version 12.00
# Visual Studio Version 17
VisualStudioVersion = 17.4.33110.190
MinimumVisualStudioVersion = 10.0.40219.1
Project("{FAE04EC0-301F-11D3-BF4B-00C04F79EFBC}") = "Day1", "Day1.csproj", "{84A76155-17A2-4297-9F78-442FA697D052}"
EndProject
Global
	GlobalSection(SolutionConfigurationPlatforms) = preSolution
		Debug|Any CPU = Debug|Any CPU
		Release|Any CPU = Release|Any CPU
	EndGlobalSection
	GlobalSection(ProjectConfigurationPlatforms) = postSolution
		{84A76155-17A2-4297-9F78-442FA697D052}.Debug|Any CPU.ActiveCfg = Debug|Any CPU
		{84A76155-17A2-4297-9F78-442FA697D052}.Debug|Any CPU.Build.0 = Debug|Any CPU
		{84A76155-17A2-4297-9F78-442FA697D052}.Release|Any CPU.ActiveCfg = Release|Any CPU
		{84A76155-17A2-4297-9F78-442FA697D052}.Release|Any CPU.Build.0 = Release|Any CPU
	EndGlobalSection
	GlobalSection(SolutionProperties) = preSolution
		HideSolutionNode = FALSE
	EndGlobalSection
	GlobalSection(ExtensibilityGlobals) = postSolution
		SolutionGuid = {C4DA6C9A-4527-4CB7-8950-9ACD3D6D575B}
	EndGlobalSection
EndGlobal
